
Microsoft Visual Studio Solution File, Format Version 12.00
# Visual Studio Version 17
VisualStudioVersion = 17.6.33829.357
MinimumVisualStudioVersion = 10.0.40219.1
Project("{FAE04EC0-301F-11D3-BF4B-00C04F79EFBC}") = "hesap_makına", "hesap_makına\hesap_makına.csproj", "{41A006EF-170C-49C3-85C9-153740FB5EC0}"
EndProject
Global
	GlobalSection(SolutionConfigurationPlatforms) = preSolution
		Debug|Any CPU = Debug|Any CPU
		Release|Any CPU = Release|Any CPU
	EndGlobalSection
	GlobalSection(ProjectConfigurationPlatforms) = postSolution
		{41A006EF-170C-49C3-85C9-153740FB5EC0}.Debug|Any CPU.ActiveCfg = Debug|Any CPU
		{41A006EF-170C-49C3-85C9-153740FB5EC0}.Debug|Any CPU.Build.0 = Debug|Any CPU
		{41A006EF-170C-49C3-85C9-153740FB5EC0}.Release|Any CPU.ActiveCfg = Release|Any CPU
		{41A006EF-170C-49C3-85C9-153740FB5EC0}.Release|Any CPU.Build.0 = Release|Any CPU
	EndGlobalSection
	GlobalSection(SolutionProperties) = preSolution
		HideSolutionNode = FALSE
	EndGlobalSection
	GlobalSection(ExtensibilityGlobals) = postSolution
		SolutionGuid = {172F8F26-DEA7-434B-81DE-BDE5496BE384}
	EndGlobalSection
EndGlobal
